// !$*UTF8*$!
{
	archiveVersion = 1;
	classes = {
	};
	objectVersion = 48;
	objects = {

/* Begin PBXBuildFile section */
		FF9D65F91FE0D4C000572B18 /* AppDelegate.swift in Sources */ = {isa = PBXBuildFile; fileRef = FF9D65F81FE0D4C000572B18 /* AppDelegate.swift */; };
		FF9D65FE1FE0D4C000572B18 /* Main.storyboard in Resources */ = {isa = PBXBuildFile; fileRef = FF9D65FC1FE0D4C000572B18 /* Main.storyboard */; };
		FF9D66001FE0D4C000572B18 /* Assets.xcassets in Resources */ = {isa = PBXBuildFile; fileRef = FF9D65FF1FE0D4C000572B18 /* Assets.xcassets */; };
		FF9D66031FE0D4C000572B18 /* LaunchScreen.storyboard in Resources */ = {isa = PBXBuildFile; fileRef = FF9D66011FE0D4C000572B18 /* LaunchScreen.storyboard */; };
		FF9D660B1FE0D8C500572B18 /* DigitButton.swift in Sources */ = {isa = PBXBuildFile; fileRef = FF9D660A1FE0D8C500572B18 /* DigitButton.swift */; };
		FF9D660D1FE0DBB100572B18 /* CalculatorViewController.swift in Sources */ = {isa = PBXBuildFile; fileRef = FF9D660C1FE0DBB100572B18 /* CalculatorViewController.swift */; };
		FF9D660F1FE1128E00572B18 /* CalcuatorBrain.swift in Sources */ = {isa = PBXBuildFile; fileRef = FF9D660E1FE1128E00572B18 /* CalcuatorBrain.swift */; };
/* End PBXBuildFile section */

/* Begin PBXFileReference section */
		FF9D65F51FE0D4C000572B18 /* Calculator.app */ = {isa = PBXFileReference; explicitFileType = wrapper.application; includeInIndex = 0; path = Calculator.app; sourceTree = BUILT_PRODUCTS_DIR; };
		FF9D65F81FE0D4C000572B18 /* AppDelegate.swift */ = {isa = PBXFileReference; lastKnownFileType = sourcecode.swift; path = AppDelegate.swift; sourceTree = "<group>"; };
		FF9D65FD1FE0D4C000572B18 /* Base */ = {isa = PBXFileReference; lastKnownFileType = file.storyboard; name = Base; path = Base.lproj/Main.storyboard; sourceTree = "<group>"; };
		FF9D65FF1FE0D4C000572B18 /* Assets.xcassets */ = {isa = PBXFileReference; lastKnownFileType = folder.assetcatalog; path = Assets.xcassets; sourceTree = "<group>"; };
		FF9D66021FE0D4C000572B18 /* Base */ = {isa = PBXFileReference; lastKnownFileType = file.storyboard; name = Base; path = Base.lproj/LaunchScreen.storyboard; sourceTree = "<group>"; };
		FF9D66041FE0D4C000572B18 /* Info.plist */ = {isa = PBXFileReference; lastKnownFileType = text.plist.xml; path = Info.plist; sourceTree = "<group>"; };
		FF9D660A1FE0D8C500572B18 /* DigitButton.swift */ = {isa = PBXFileReference; lastKnownFileType = sourcecode.swift; path = DigitButton.swift; sourceTree = "<group>"; };
		FF9D660C1FE0DBB100572B18 /* CalculatorViewController.swift */ = {isa = PBXFileReference; lastKnownFileType = sourcecode.swift; path = CalculatorViewController.swift; sourceTree = "<group>"; };
		FF9D660E1FE1128E00572B18 /* CalcuatorBrain.swift */ = {isa = PBXFileReference; lastKnownFileType = sourcecode.swift; path = CalcuatorBrain.swift; sourceTree = "<group>"; };
/* End PBXFileReference section */

/* Begin PBXFrameworksBuildPhase section */
		FF9D65F21FE0D4C000572B18 /* Frameworks */ = {
			isa = PBXFrameworksBuildPhase;
			buildActionMask = 2147483647;
			files = (
			);
			runOnlyForDeploymentPostprocessing = 0;
		};
/* End PBXFrameworksBuildPhase section */

/* Begin PBXGroup section */
		FF9D65EC1FE0D4C000572B18 = {
			isa = PBXGroup;
			children = (
				FF9D65F71FE0D4C000572B18 /* Calculator */,
				FF9D65F61FE0D4C000572B18 /* Products */,
			);
			sourceTree = "<group>";
		};
		FF9D65F61FE0D4C000572B18 /* Products */ = {
			isa = PBXGroup;
			children = (
				FF9D65F51FE0D4C000572B18 /* Calculator.app */,
			);
			name = Products;
			sourceTree = "<group>";
		};
		FF9D65F71FE0D4C000572B18 /* Calculator */ = {
			isa = PBXGroup;
			children = (
				FF9D65F81FE0D4C000572B18 /* AppDelegate.swift */,
				FF9D660E1FE1128E00572B18 /* CalcuatorBrain.swift */,
				FF9D65FC1FE0D4C000572B18 /* Main.storyboard */,
				FF9D660C1FE0DBB100572B18 /* CalculatorViewController.swift */,
				FF9D660A1FE0D8C500572B18 /* DigitButton.swift */,
				FF9D65FF1FE0D4C000572B18 /* Assets.xcassets */,
				FF9D66011FE0D4C000572B18 /* LaunchScreen.storyboard */,
				FF9D66041FE0D4C000572B18 /* Info.plist */,
			);
			path = Calculator;
			sourceTree = "<group>";
		};
/* End PBXGroup section */

/* Begin PBXNativeTarget section */
		FF9D65F41FE0D4C000572B18 /* Calculator */ = {
			isa = PBXNativeTarget;
			buildConfigurationList = FF9D66071FE0D4C000572B18 /* Build configuration list for PBXNativeTarget "Calculator" */;
			buildPhases = (
				FF9D65F11FE0D4C000572B18 /* Sources */,
				FF9D65F21FE0D4C000572B18 /* Frameworks */,
				FF9D65F31FE0D4C000572B18 /* Resources */,
			);
			buildRules = (
			);
			dependencies = (
			);
			name = Calculator;
			productName = Calculator;
			productReference = FF9D65F51FE0D4C000572B18 /* Calculator.app */;
			productType = "com.apple.product-type.application";
		};
/* End PBXNativeTarget section */

/* Begin PBXProject section */
		FF9D65ED1FE0D4C000572B18 /* Project object */ = {
			isa = PBXProject;
			attributes = {
				LastSwiftUpdateCheck = 0920;
				LastUpgradeCheck = 0920;
				ORGANIZATIONNAME = suning;
				TargetAttributes = {
					FF9D65F41FE0D4C000572B18 = {
						CreatedOnToolsVersion = 9.2;
						ProvisioningStyle = Automatic;
					};
				};
			};
			buildConfigurationList = FF9D65F01FE0D4C000572B18 /* Build configuration list for PBXProject "Calculator" */;
			compatibilityVersion = "Xcode 8.0";
			developmentRegion = en;
			hasScannedForEncodings = 0;
			knownRegions = (
				en,
				Base,
			);
			mainGroup = FF9D65EC1FE0D4C000572B18;
			productRefGroup = FF9D65F61FE0D4C000572B18 /* Products */;
			projectDirPath = "";
			projectRoot = "";
			targets = (
				FF9D65F41FE0D4C000572B18 /* Calculator */,
			);
		};
/* End PBXProject section */

/* Begin PBXResourcesBuildPhase section */
		FF9D65F31FE0D4C000572B18 /* Resources */ = {
			isa = PBXResourcesBuildPhase;
			buildActionMask = 2147483647;
			files = (
				FF9D66031FE0D4C000572B18 /* LaunchScreen.storyboard in Resources */,
				FF9D66001FE0D4C000572B18 /* Assets.xcassets in Resources */,
				FF9D65FE1FE0D4C000572B18 /* Main.storyboard in Resources */,
			);
			runOnlyForDeploymentPostprocessing = 0;
		};
/* End PBXResourcesBuildPhase section */

/* Begin PBXSourcesBuildPhase section */
		FF9D65F11FE0D4C000572B18 /* Sources */ = {
			isa = PBXSourcesBuildPhase;
			buildActionMask = 2147483647;
			files = (
				FF9D65F91FE0D4C000572B18 /* AppDelegate.swift in Sources */,
				FF9D660F1FE1128E00572B18 /* CalcuatorBrain.swift in Sources */,
				FF9D660D1FE0DBB100572B18 /* CalculatorViewController.swift in Sources */,
				FF9D660B1FE0D8C500572B18 /* DigitButton.swift in Sources */,
			);
			runOnlyForDeploymentPostprocessing = 0;
		};
/* End PBXSourcesBuildPhase section */

/* Begin PBXVariantGroup section */
		FF9D65FC1FE0D4C000572B18 /* Main.storyboard */ = {
			isa = PBXVariantGroup;
			children = (
				FF9D65FD1FE0D4C000572B18 /* Base */,
			);
			name = Main.storyboard;
			sourceTree = "<group>";
		};
		FF9D66011FE0D4C000572B18 /* LaunchScreen.storyboard */ = {
			isa = PBXVariantGroup;
			children = (
				FF9D66021FE0D4C000572B18 /* Base */,
			);
			name = LaunchScreen.storyboard;
			sourceTree = "<group>";
		};
/* End PBXVariantGroup section */

/* Begin XCBuildConfiguration section */
		FF9D66051FE0D4C000572B18 /* Debug */ = {
			isa = XCBuildConfiguration;
			buildSettings = {
				ALWAYS_SEARCH_USER_PATHS = NO;
				CLANG_ANALYZER_NONNULL = YES;
				CLANG_ANALYZER_NUMBER_OBJECT_CONVERSION = YES_AGGRESSIVE;
				CLANG_CXX_LANGUAGE_STANDARD = "gnu++14";
				CLANG_CXX_LIBRARY = "libc++";
				CLANG_ENABLE_MODULES = YES;
				CLANG_ENABLE_OBJC_ARC = YES;
				CLANG_WARN_BLOCK_CAPTURE_AUTORELEASING = YES;
				CLANG_WARN_BOOL_CONVERSION = YES;
				CLANG_WARN_COMMA = YES;
				CLANG_WARN_CONSTANT_CONVERSION = YES;
				CLANG_WARN_DIRECT_OBJC_ISA_USAGE = YES_ERROR;
				CLANG_WARN_DOCUMENTATION_COMMENTS = YES;
				CLANG_WARN_EMPTY_BODY = YES;
				CLANG_WARN_ENUM_CONVERSION = YES;
				CLANG_WARN_INFINITE_RECURSION = YES;
				CLANG_WARN_INT_CONVERSION = YES;
				CLANG_WARN_NON_LITERAL_NULL_CONVERSION = YES;
				CLANG_WARN_OBJC_LITERAL_CONVERSION = YES;
				CLANG_WARN_OBJC_ROOT_CLASS = YES_ERROR;
				CLANG_WARN_RANGE_LOOP_ANALYSIS = YES;
				CLANG_WARN_STRICT_PROTOTYPES = YES;
				CLANG_WARN_SUSPICIOUS_MOVE = YES;
				CLANG_WARN_UNGUARDED_AVAILABILITY = YES_AGGRESSIVE;
				CLANG_WARN_UNREACHABLE_CODE = YES;
				CLANG_WARN__DUPLICATE_METHOD_MATCH = YES;
				CODE_SIGN_IDENTITY = "iPhone Developer";
				COPY_PHASE_STRIP = NO;
				DEBUG_INFORMATION_FORMAT = dwarf;
				ENABLE_STRICT_OBJC_MSGSEND = YES;
				ENABLE_TESTABILITY = YES;
				GCC_C_LANGUAGE_STANDARD = gnu11;
				GCC_DYNAMIC_NO_PIC = NO;
				GCC_NO_COMMON_BLOCKS = YES;
				GCC_OPTIMIZATION_LEVEL = 0;
				GCC_PREPROCESSOR_DEFINITIONS = (
					"DEBUG=1",
					"$(inherited)",
				);
				GCC_WARN_64_TO_32_BIT_CONVERSION = YES;
				GCC_WARN_ABOUT_RETURN_TYPE = YES_ERROR;
				GCC_WARN_UNDECLARED_SELECTOR = YES;
				GCC_WARN_UNINITIALIZED_AUTOS = YES_AGGRESSIVE;
				GCC_WARN_UNUSED_FUNCTION = YES;
				GCC_WARN_UNUSED_VARIABLE = YES;
				IPHONEOS_DEPLOYMENT_TARGET = 11.2;
				MTL_ENABLE_DEBUG_INFO = YES;
				ONLY_ACTIVE_ARCH = YES;
				SDKROOT = iphoneos;
				SWIFT_ACTIVE_COMPILATION_CONDITIONS = DEBUG;
				SWIFT_OPTIMIZATION_LEVEL = "-Onone";
			};
			name = Debug;
		};
		FF9D66061FE0D4C000572B18 /* Release */ = {
			isa = XCBuildConfiguration;
			buildSettings = {
				ALWAYS_SEARCH_USER_PATHS = NO;
				CLANG_ANALYZER_NONNULL = YES;
				CLANG_ANALYZER_NUMBER_OBJECT_CONVERSION = YES_AGGRESSIVE;
				CLANG_CXX_LANGUAGE_STANDARD = "gnu++14";
				CLANG_CXX_LIBRARY = "libc++";
				CLANG_ENABLE_MODULES = YES;
				CLANG_ENABLE_OBJC_ARC = YES;
				CLANG_WARN_BLOCK_CAPTURE_AUTORELEASING = YES;
				CLANG_WARN_BOOL_CONVERSION = YES;
				CLANG_WARN_COMMA = YES;
				CLANG_WARN_CONSTANT_CONVERSION = YES;
				CLANG_WARN_DIRECT_OBJC_ISA_USAGE = YES_ERROR;
				CLANG_WARN_DOCUMENTATION_COMMENTS = YES;
				CLANG_WARN_EMPTY_BODY = YES;
				CLANG_WARN_ENUM_CONVERSION = YES;
				CLANG_WARN_INFINITE_RECURSION = YES;
				CLANG_WARN_INT_CONVERSION = YES;
				CLANG_WARN_NON_LITERAL_NULL_CONVERSION = YES;
				CLANG_WARN_OBJC_LITERAL_CONVERSION = YES;
				CLANG_WARN_OBJC_ROOT_CLASS = YES_ERROR;
				CLANG_WARN_RANGE_LOOP_ANALYSIS = YES;
				CLANG_WARN_STRICT_PROTOTYPES = YES;
				CLANG_WARN_SUSPICIOUS_MOVE = YES;
				CLANG_WARN_UNGUARDED_AVAILABILITY = YES_AGGRESSIVE;
				CLANG_WARN_UNREACHABLE_CODE = YES;
				CLANG_WARN__DUPLICATE_METHOD_MATCH = YES;
				CODE_SIGN_IDENTITY = "iPhone Developer";
				COPY_PHASE_STRIP = NO;
				DEBUG_INFORMATION_FORMAT = "dwarf-with-dsym";
				ENABLE_NS_ASSERTIONS = NO;
				ENABLE_STRICT_OBJC_MSGSEND = YES;
				GCC_C_LANGUAGE_STANDARD = gnu11;
				GCC_NO_COMMON_BLOCKS = YES;
				GCC_WARN_64_TO_32_BIT_CONVERSION = YES;
				GCC_WARN_ABOUT_RETURN_TYPE = YES_ERROR;
				GCC_WARN_UNDECLARED_SELECTOR = YES;
				GCC_WARN_UNINITIALIZED_AUTOS = YES_AGGRESSIVE;
				GCC_WARN_UNUSED_FUNCTION = YES;
				GCC_WARN_UNUSED_VARIABLE = YES;
				IPHONEOS_DEPLOYMENT_TARGET = 11.2;
				MTL_ENABLE_DEBUG_INFO = NO;
				SDKROOT = iphoneos;
				SWIFT_OPTIMIZATION_LEVEL = "-Owholemodule";
				VALIDATE_PRODUCT = YES;
			};
			name = Release;
		};
		FF9D66081FE0D4C000572B18 /* Debug */ = {
			isa = XCBuildConfiguration;
			buildSettings = {
				ASSETCATALOG_COMPILER_APPICON_NAME = AppIcon;
				CODE_SIGN_STYLE = Automatic;
				INFOPLIST_FILE = Calculator/Info.plist;
				LD_RUNPATH_SEARCH_PATHS = "$(inherited) @executable_path/Frameworks";
				PRODUCT_BUNDLE_IDENTIFIER = com.suning.Calculator;
				PRODUCT_NAME = "$(TARGET_NAME)";
				SWIFT_VERSION = 4.0;
				TARGETED_DEVICE_FAMILY = "1,2";
			};
			name = Debug;
		};
		FF9D66091FE0D4C000572B18 /* Release */ = {
			isa = XCBuildConfiguration;
			buildSettings = {
				ASSETCATALOG_COMPILER_APPICON_NAME = AppIcon;
				CODE_SIGN_STYLE = Automatic;
				INFOPLIST_FILE = Calculator/Info.plist;
				LD_RUNPATH_SEARCH_PATHS = "$(inherited) @executable_path/Frameworks";
				PRODUCT_BUNDLE_IDENTIFIER = com.suning.Calculator;
				PRODUCT_NAME = "$(TARGET_NAME)";
				SWIFT_VERSION = 4.0;
				TARGETED_DEVICE_FAMILY = "1,2";
			};
			name = Release;
		};
/* End XCBuildConfiguration section */

/* Begin XCConfigurationList section */
		FF9D65F01FE0D4C000572B18 /* Build configuration list for PBXProject "Calculator" */ = {
			isa = XCConfigurationList;
			buildConfigurations = (
				FF9D66051FE0D4C000572B18 /* Debug */,
				FF9D66061FE0D4C000572B18 /* Release */,
			);
			defaultConfigurationIsVisible = 0;
			defaultConfigurationName = Release;
		};
		FF9D66071FE0D4C000572B18 /* Build configuration list for PBXNativeTarget "Calculator" */ = {
			isa = XCConfigurationList;
			buildConfigurations = (
				FF9D66081FE0D4C000572B18 /* Debug */,
				FF9D66091FE0D4C000572B18 /* Release */,
			);
			defaultConfigurationIsVisible = 0;
			defaultConfigurationName = Release;
		};
/* End XCConfigurationList section */
	};
	rootObject = FF9D65ED1FE0D4C000572B18 /* Project object */;
}
